
Microsoft Visual Studio Solution File, Format Version 12.00
# Visual Studio Version 17
VisualStudioVersion = 17.1.32210.238
MinimumVisualStudioVersion = 10.0.40219.1
Project("{9A19103F-16F7-4668-BE54-9A1E7A4F7556}") = "PoloCLI_csharp", "PoloCLI_csharp.csproj", "{D63D467B-2303-4E33-B0E2-E5005FEBD188}"
EndProject
Global
	GlobalSection(SolutionConfigurationPlatforms) = preSolution
		Debug|Any CPU = Debug|Any CPU
		Release|Any CPU = Release|Any CPU
	EndGlobalSection
	GlobalSection(ProjectConfigurationPlatforms) = postSolution
		{D63D467B-2303-4E33-B0E2-E5005FEBD188}.Debug|Any CPU.ActiveCfg = Debug|Any CPU
		{D63D467B-2303-4E33-B0E2-E5005FEBD188}.Debug|Any CPU.Build.0 = Debug|Any CPU
		{D63D467B-2303-4E33-B0E2-E5005FEBD188}.Release|Any CPU.ActiveCfg = Release|Any CPU
		{D63D467B-2303-4E33-B0E2-E5005FEBD188}.Release|Any CPU.Build.0 = Release|Any CPU
	EndGlobalSection
	GlobalSection(SolutionProperties) = preSolution
		HideSolutionNode = FALSE
	EndGlobalSection
	GlobalSection(ExtensibilityGlobals) = postSolution
		SolutionGuid = {08971639-8B35-4B91-A1B8-14E1B5037C97}
	EndGlobalSection
EndGlobal
